// !$*UTF8*$!
{
	archiveVersion = 1;
	classes = {
	};
	objectVersion = 52;
	objects = {

/* Begin PBXBuildFile section */
		6C43171B235C97760024E7FA /* TableViewCell.swift in Sources */ = {isa = PBXBuildFile; fileRef = 6C43171A235C97760024E7FA /* TableViewCell.swift */; };
		6C6828092360CE970097CF28 /* NetworkService.swift in Sources */ = {isa = PBXBuildFile; fileRef = 6C6828082360CE970097CF28 /* NetworkService.swift */; };
		6C7A524E235E91BB00E39D02 /* DetailViewController.swift in Sources */ = {isa = PBXBuildFile; fileRef = 6C7A524D235E91BB00E39D02 /* DetailViewController.swift */; };
		6CD75F03235B85EB00659786 /* AppDelegate.swift in Sources */ = {isa = PBXBuildFile; fileRef = 6CD75F02235B85EB00659786 /* AppDelegate.swift */; };
		6CD75F05235B85EB00659786 /* SceneDelegate.swift in Sources */ = {isa = PBXBuildFile; fileRef = 6CD75F04235B85EB00659786 /* SceneDelegate.swift */; };
		6CD75F07235B85EB00659786 /* ViewController.swift in Sources */ = {isa = PBXBuildFile; fileRef = 6CD75F06235B85EB00659786 /* ViewController.swift */; };
		6CD75F0A235B85EB00659786 /* Main.storyboard in Resources */ = {isa = PBXBuildFile; fileRef = 6CD75F08235B85EB00659786 /* Main.storyboard */; };
		6CD75F0C235B85EE00659786 /* Assets.xcassets in Resources */ = {isa = PBXBuildFile; fileRef = 6CD75F0B235B85EE00659786 /* Assets.xcassets */; };
		6CD75F0F235B85EE00659786 /* LaunchScreen.storyboard in Resources */ = {isa = PBXBuildFile; fileRef = 6CD75F0D235B85EE00659786 /* LaunchScreen.storyboard */; };
		6CD75F17235B870100659786 /* Сharacter.swift in Sources */ = {isa = PBXBuildFile; fileRef = 6CD75F16235B870100659786 /* Сharacter.swift */; };
		923B7D8F241D06B00020C21D /* SDWebImage in Frameworks */ = {isa = PBXBuildFile; productRef = 923B7D8E241D06B00020C21D /* SDWebImage */; };
		927A2FFF241D03E700FB04BF /* Alamofire in Frameworks */ = {isa = PBXBuildFile; productRef = 927A2FFE241D03E700FB04BF /* Alamofire */; };
		9288CD1A241D1174008827A6 /* JSONData.swift in Sources */ = {isa = PBXBuildFile; fileRef = 9288CD19241D1174008827A6 /* JSONData.swift */; };
		929DD8AB241D865200978449 /* DateFormaterService.swift in Sources */ = {isa = PBXBuildFile; fileRef = 929DD8AA241D865200978449 /* DateFormaterService.swift */; };
		92F3D14E241D157900A89B16 /* Info.swift in Sources */ = {isa = PBXBuildFile; fileRef = 92F3D14D241D157900A89B16 /* Info.swift */; };
/* End PBXBuildFile section */

/* Begin PBXFileReference section */
		6C43171A235C97760024E7FA /* TableViewCell.swift */ = {isa = PBXFileReference; lastKnownFileType = sourcecode.swift; path = TableViewCell.swift; sourceTree = "<group>"; };
		6C6828082360CE970097CF28 /* NetworkService.swift */ = {isa = PBXFileReference; lastKnownFileType = sourcecode.swift; path = NetworkService.swift; sourceTree = "<group>"; };
		6C7A524D235E91BB00E39D02 /* DetailViewController.swift */ = {isa = PBXFileReference; lastKnownFileType = sourcecode.swift; path = DetailViewController.swift; sourceTree = "<group>"; };
		6CD75EFF235B85EB00659786 /* Ricky and Morty.app */ = {isa = PBXFileReference; explicitFileType = wrapper.application; includeInIndex = 0; path = "Ricky and Morty.app"; sourceTree = BUILT_PRODUCTS_DIR; };
		6CD75F02235B85EB00659786 /* AppDelegate.swift */ = {isa = PBXFileReference; lastKnownFileType = sourcecode.swift; path = AppDelegate.swift; sourceTree = "<group>"; };
		6CD75F04235B85EB00659786 /* SceneDelegate.swift */ = {isa = PBXFileReference; lastKnownFileType = sourcecode.swift; path = SceneDelegate.swift; sourceTree = "<group>"; };
		6CD75F06235B85EB00659786 /* ViewController.swift */ = {isa = PBXFileReference; lastKnownFileType = sourcecode.swift; path = ViewController.swift; sourceTree = "<group>"; };
		6CD75F09235B85EB00659786 /* Base */ = {isa = PBXFileReference; lastKnownFileType = file.storyboard; name = Base; path = Base.lproj/Main.storyboard; sourceTree = "<group>"; };
		6CD75F0B235B85EE00659786 /* Assets.xcassets */ = {isa = PBXFileReference; lastKnownFileType = folder.assetcatalog; path = Assets.xcassets; sourceTree = "<group>"; };
		6CD75F0E235B85EE00659786 /* Base */ = {isa = PBXFileReference; lastKnownFileType = file.storyboard; name = Base; path = Base.lproj/LaunchScreen.storyboard; sourceTree = "<group>"; };
		6CD75F10235B85EE00659786 /* Info.plist */ = {isa = PBXFileReference; lastKnownFileType = text.plist.xml; path = Info.plist; sourceTree = "<group>"; };
		6CD75F16235B870100659786 /* Сharacter.swift */ = {isa = PBXFileReference; lastKnownFileType = sourcecode.swift; path = "Сharacter.swift"; sourceTree = "<group>"; };
		9288CD19241D1174008827A6 /* JSONData.swift */ = {isa = PBXFileReference; lastKnownFileType = sourcecode.swift; path = JSONData.swift; sourceTree = "<group>"; };
		929DD8AA241D865200978449 /* DateFormaterService.swift */ = {isa = PBXFileReference; lastKnownFileType = sourcecode.swift; path = DateFormaterService.swift; sourceTree = "<group>"; };
		92F3D14D241D157900A89B16 /* Info.swift */ = {isa = PBXFileReference; lastKnownFileType = sourcecode.swift; path = Info.swift; sourceTree = "<group>"; };
/* End PBXFileReference section */

/* Begin PBXFrameworksBuildPhase section */
		6CD75EFC235B85EB00659786 /* Frameworks */ = {
			isa = PBXFrameworksBuildPhase;
			buildActionMask = 2147483647;
			files = (
				923B7D8F241D06B00020C21D /* SDWebImage in Frameworks */,
				927A2FFF241D03E700FB04BF /* Alamofire in Frameworks */,
			);
			runOnlyForDeploymentPostprocessing = 0;
		};
/* End PBXFrameworksBuildPhase section */

/* Begin PBXGroup section */
		6C1D982123613A9000A7A5C3 /* Service */ = {
			isa = PBXGroup;
			children = (
				6C6828082360CE970097CF28 /* NetworkService.swift */,
				929DD8AA241D865200978449 /* DateFormaterService.swift */,
			);
			path = Service;
			sourceTree = "<group>";
		};
		6C7A524F235EA6B500E39D02 /* App */ = {
			isa = PBXGroup;
			children = (
				6CD75F02235B85EB00659786 /* AppDelegate.swift */,
				6CD75F04235B85EB00659786 /* SceneDelegate.swift */,
			);
			path = App;
			sourceTree = "<group>";
		};
		6C7A5250235EA6C100E39D02 /* View */ = {
			isa = PBXGroup;
			children = (
				6C43171A235C97760024E7FA /* TableViewCell.swift */,
			);
			path = View;
			sourceTree = "<group>";
		};
		6C7A5251235EA6D600E39D02 /* Controller */ = {
			isa = PBXGroup;
			children = (
				6CD75F06235B85EB00659786 /* ViewController.swift */,
				6C7A524D235E91BB00E39D02 /* DetailViewController.swift */,
			);
			path = Controller;
			sourceTree = "<group>";
		};
		6C7A5252235EA6E100E39D02 /* Model */ = {
			isa = PBXGroup;
			children = (
				9288CD19241D1174008827A6 /* JSONData.swift */,
				92F3D14D241D157900A89B16 /* Info.swift */,
				6CD75F16235B870100659786 /* Сharacter.swift */,
			);
			path = Model;
			sourceTree = "<group>";
		};
		6C7A5253235EA6EE00E39D02 /* Support */ = {
			isa = PBXGroup;
			children = (
				6CD75F0B235B85EE00659786 /* Assets.xcassets */,
			);
			path = Support;
			sourceTree = "<group>";
		};
		6C7A5254235EA6FF00E39D02 /* Storyboard */ = {
			isa = PBXGroup;
			children = (
				6CD75F0D235B85EE00659786 /* LaunchScreen.storyboard */,
				6CD75F08235B85EB00659786 /* Main.storyboard */,
			);
			path = Storyboard;
			sourceTree = "<group>";
		};
		6CD75EF6235B85EB00659786 = {
			isa = PBXGroup;
			children = (
				6CD75F01235B85EB00659786 /* Ricky and Morty */,
				6CD75F00235B85EB00659786 /* Products */,
			);
			sourceTree = "<group>";
		};
		6CD75F00235B85EB00659786 /* Products */ = {
			isa = PBXGroup;
			children = (
				6CD75EFF235B85EB00659786 /* Ricky and Morty.app */,
			);
			name = Products;
			sourceTree = "<group>";
		};
		6CD75F01235B85EB00659786 /* Ricky and Morty */ = {
			isa = PBXGroup;
			children = (
				6C7A524F235EA6B500E39D02 /* App */,
				6C7A5250235EA6C100E39D02 /* View */,
				6C7A5251235EA6D600E39D02 /* Controller */,
				6C7A5252235EA6E100E39D02 /* Model */,
				6C1D982123613A9000A7A5C3 /* Service */,
				6C7A5254235EA6FF00E39D02 /* Storyboard */,
				6C7A5253235EA6EE00E39D02 /* Support */,
				6CD75F10235B85EE00659786 /* Info.plist */,
			);
			path = "Ricky and Morty";
			sourceTree = "<group>";
		};
/* End PBXGroup section */

/* Begin PBXNativeTarget section */
		6CD75EFE235B85EB00659786 /* Ricky and Morty */ = {
			isa = PBXNativeTarget;
			buildConfigurationList = 6CD75F13235B85EE00659786 /* Build configuration list for PBXNativeTarget "Ricky and Morty" */;
			buildPhases = (
				6CD75EFB235B85EB00659786 /* Sources */,
				6CD75EFC235B85EB00659786 /* Frameworks */,
				6CD75EFD235B85EB00659786 /* Resources */,
			);
			buildRules = (
			);
			dependencies = (
			);
			name = "Ricky and Morty";
			packageProductDependencies = (
				927A2FFE241D03E700FB04BF /* Alamofire */,
				923B7D8E241D06B00020C21D /* SDWebImage */,
			);
			productName = "Ricky and Morty";
			productReference = 6CD75EFF235B85EB00659786 /* Ricky and Morty.app */;
			productType = "com.apple.product-type.application";
		};
/* End PBXNativeTarget section */

/* Begin PBXProject section */
		6CD75EF7235B85EB00659786 /* Project object */ = {
			isa = PBXProject;
			attributes = {
				LastSwiftUpdateCheck = 1110;
				LastUpgradeCheck = 1110;
				ORGANIZATIONNAME = "Денис Иванов";
				TargetAttributes = {
					6CD75EFE235B85EB00659786 = {
						CreatedOnToolsVersion = 11.1;
					};
				};
			};
			buildConfigurationList = 6CD75EFA235B85EB00659786 /* Build configuration list for PBXProject "Ricky and Morty" */;
			compatibilityVersion = "Xcode 9.3";
			developmentRegion = en;
			hasScannedForEncodings = 0;
			knownRegions = (
				en,
				Base,
			);
			mainGroup = 6CD75EF6235B85EB00659786;
			packageReferences = (
				927A2FFD241D03E700FB04BF /* XCRemoteSwiftPackageReference "Alamofire" */,
				923B7D8D241D06B00020C21D /* XCRemoteSwiftPackageReference "SDWebImage" */,
			);
			productRefGroup = 6CD75F00235B85EB00659786 /* Products */;
			projectDirPath = "";
			projectRoot = "";
			targets = (
				6CD75EFE235B85EB00659786 /* Ricky and Morty */,
			);
		};
/* End PBXProject section */

/* Begin PBXResourcesBuildPhase section */
		6CD75EFD235B85EB00659786 /* Resources */ = {
			isa = PBXResourcesBuildPhase;
			buildActionMask = 2147483647;
			files = (
				6CD75F0F235B85EE00659786 /* LaunchScreen.storyboard in Resources */,
				6CD75F0C235B85EE00659786 /* Assets.xcassets in Resources */,
				6CD75F0A235B85EB00659786 /* Main.storyboard in Resources */,
			);
			runOnlyForDeploymentPostprocessing = 0;
		};
/* End PBXResourcesBuildPhase section */

/* Begin PBXSourcesBuildPhase section */
		6CD75EFB235B85EB00659786 /* Sources */ = {
			isa = PBXSourcesBuildPhase;
			buildActionMask = 2147483647;
			files = (
				6C43171B235C97760024E7FA /* TableViewCell.swift in Sources */,
				6C7A524E235E91BB00E39D02 /* DetailViewController.swift in Sources */,
				6CD75F07235B85EB00659786 /* ViewController.swift in Sources */,
				929DD8AB241D865200978449 /* DateFormaterService.swift in Sources */,
				92F3D14E241D157900A89B16 /* Info.swift in Sources */,
				6C6828092360CE970097CF28 /* NetworkService.swift in Sources */,
				6CD75F03235B85EB00659786 /* AppDelegate.swift in Sources */,
				9288CD1A241D1174008827A6 /* JSONData.swift in Sources */,
				6CD75F05235B85EB00659786 /* SceneDelegate.swift in Sources */,
				6CD75F17235B870100659786 /* Сharacter.swift in Sources */,
			);
			runOnlyForDeploymentPostprocessing = 0;
		};
/* End PBXSourcesBuildPhase section */

/* Begin PBXVariantGroup section */
		6CD75F08235B85EB00659786 /* Main.storyboard */ = {
			isa = PBXVariantGroup;
			children = (
				6CD75F09235B85EB00659786 /* Base */,
			);
			name = Main.storyboard;
			sourceTree = "<group>";
		};
		6CD75F0D235B85EE00659786 /* LaunchScreen.storyboard */ = {
			isa = PBXVariantGroup;
			children = (
				6CD75F0E235B85EE00659786 /* Base */,
			);
			name = LaunchScreen.storyboard;
			sourceTree = "<group>";
		};
/* End PBXVariantGroup section */

/* Begin XCBuildConfiguration section */
		6CD75F11235B85EE00659786 /* Debug */ = {
			isa = XCBuildConfiguration;
			buildSettings = {
				ALWAYS_SEARCH_USER_PATHS = NO;
				CLANG_ANALYZER_NONNULL = YES;
				CLANG_ANALYZER_NUMBER_OBJECT_CONVERSION = YES_AGGRESSIVE;
				CLANG_CXX_LANGUAGE_STANDARD = "gnu++14";
				CLANG_CXX_LIBRARY = "libc++";
				CLANG_ENABLE_MODULES = YES;
				CLANG_ENABLE_OBJC_ARC = YES;
				CLANG_ENABLE_OBJC_WEAK = YES;
				CLANG_WARN_BLOCK_CAPTURE_AUTORELEASING = YES;
				CLANG_WARN_BOOL_CONVERSION = YES;
				CLANG_WARN_COMMA = YES;
				CLANG_WARN_CONSTANT_CONVERSION = YES;
				CLANG_WARN_DEPRECATED_OBJC_IMPLEMENTATIONS = YES;
				CLANG_WARN_DIRECT_OBJC_ISA_USAGE = YES_ERROR;
				CLANG_WARN_DOCUMENTATION_COMMENTS = YES;
				CLANG_WARN_EMPTY_BODY = YES;
				CLANG_WARN_ENUM_CONVERSION = YES;
				CLANG_WARN_INFINITE_RECURSION = YES;
				CLANG_WARN_INT_CONVERSION = YES;
				CLANG_WARN_NON_LITERAL_NULL_CONVERSION = YES;
				CLANG_WARN_OBJC_IMPLICIT_RETAIN_SELF = YES;
				CLANG_WARN_OBJC_LITERAL_CONVERSION = YES;
				CLANG_WARN_OBJC_ROOT_CLASS = YES_ERROR;
				CLANG_WARN_RANGE_LOOP_ANALYSIS = YES;
				CLANG_WARN_STRICT_PROTOTYPES = YES;
				CLANG_WARN_SUSPICIOUS_MOVE = YES;
				CLANG_WARN_UNGUARDED_AVAILABILITY = YES_AGGRESSIVE;
				CLANG_WARN_UNREACHABLE_CODE = YES;
				CLANG_WARN__DUPLICATE_METHOD_MATCH = YES;
				COPY_PHASE_STRIP = NO;
				DEBUG_INFORMATION_FORMAT = dwarf;
				ENABLE_STRICT_OBJC_MSGSEND = YES;
				ENABLE_TESTABILITY = YES;
				GCC_C_LANGUAGE_STANDARD = gnu11;
				GCC_DYNAMIC_NO_PIC = NO;
				GCC_NO_COMMON_BLOCKS = YES;
				GCC_OPTIMIZATION_LEVEL = 0;
				GCC_PREPROCESSOR_DEFINITIONS = (
					"DEBUG=1",
					"$(inherited)",
				);
				GCC_WARN_64_TO_32_BIT_CONVERSION = YES;
				GCC_WARN_ABOUT_RETURN_TYPE = YES_ERROR;
				GCC_WARN_UNDECLARED_SELECTOR = YES;
				GCC_WARN_UNINITIALIZED_AUTOS = YES_AGGRESSIVE;
				GCC_WARN_UNUSED_FUNCTION = YES;
				GCC_WARN_UNUSED_VARIABLE = YES;
				IPHONEOS_DEPLOYMENT_TARGET = 13.1;
				MTL_ENABLE_DEBUG_INFO = INCLUDE_SOURCE;
				MTL_FAST_MATH = YES;
				ONLY_ACTIVE_ARCH = YES;
				SDKROOT = iphoneos;
				SWIFT_ACTIVE_COMPILATION_CONDITIONS = DEBUG;
				SWIFT_OPTIMIZATION_LEVEL = "-Onone";
			};
			name = Debug;
		};
		6CD75F12235B85EE00659786 /* Release */ = {
			isa = XCBuildConfiguration;
			buildSettings = {
				ALWAYS_SEARCH_USER_PATHS = NO;
				CLANG_ANALYZER_NONNULL = YES;
				CLANG_ANALYZER_NUMBER_OBJECT_CONVERSION = YES_AGGRESSIVE;
				CLANG_CXX_LANGUAGE_STANDARD = "gnu++14";
				CLANG_CXX_LIBRARY = "libc++";
				CLANG_ENABLE_MODULES = YES;
				CLANG_ENABLE_OBJC_ARC = YES;
				CLANG_ENABLE_OBJC_WEAK = YES;
				CLANG_WARN_BLOCK_CAPTURE_AUTORELEASING = YES;
				CLANG_WARN_BOOL_CONVERSION = YES;
				CLANG_WARN_COMMA = YES;
				CLANG_WARN_CONSTANT_CONVERSION = YES;
				CLANG_WARN_DEPRECATED_OBJC_IMPLEMENTATIONS = YES;
				CLANG_WARN_DIRECT_OBJC_ISA_USAGE = YES_ERROR;
				CLANG_WARN_DOCUMENTATION_COMMENTS = YES;
				CLANG_WARN_EMPTY_BODY = YES;
				CLANG_WARN_ENUM_CONVERSION = YES;
				CLANG_WARN_INFINITE_RECURSION = YES;
				CLANG_WARN_INT_CONVERSION = YES;
				CLANG_WARN_NON_LITERAL_NULL_CONVERSION = YES;
				CLANG_WARN_OBJC_IMPLICIT_RETAIN_SELF = YES;
				CLANG_WARN_OBJC_LITERAL_CONVERSION = YES;
				CLANG_WARN_OBJC_ROOT_CLASS = YES_ERROR;
				CLANG_WARN_RANGE_LOOP_ANALYSIS = YES;
				CLANG_WARN_STRICT_PROTOTYPES = YES;
				CLANG_WARN_SUSPICIOUS_MOVE = YES;
				CLANG_WARN_UNGUARDED_AVAILABILITY = YES_AGGRESSIVE;
				CLANG_WARN_UNREACHABLE_CODE = YES;
				CLANG_WARN__DUPLICATE_METHOD_MATCH = YES;
				COPY_PHASE_STRIP = NO;
				DEBUG_INFORMATION_FORMAT = "dwarf-with-dsym";
				ENABLE_NS_ASSERTIONS = NO;
				ENABLE_STRICT_OBJC_MSGSEND = YES;
				GCC_C_LANGUAGE_STANDARD = gnu11;
				GCC_NO_COMMON_BLOCKS = YES;
				GCC_WARN_64_TO_32_BIT_CONVERSION = YES;
				GCC_WARN_ABOUT_RETURN_TYPE = YES_ERROR;
				GCC_WARN_UNDECLARED_SELECTOR = YES;
				GCC_WARN_UNINITIALIZED_AUTOS = YES_AGGRESSIVE;
				GCC_WARN_UNUSED_FUNCTION = YES;
				GCC_WARN_UNUSED_VARIABLE = YES;
				IPHONEOS_DEPLOYMENT_TARGET = 13.1;
				MTL_ENABLE_DEBUG_INFO = NO;
				MTL_FAST_MATH = YES;
				SDKROOT = iphoneos;
				SWIFT_COMPILATION_MODE = wholemodule;
				SWIFT_OPTIMIZATION_LEVEL = "-O";
				VALIDATE_PRODUCT = YES;
			};
			name = Release;
		};
		6CD75F14235B85EE00659786 /* Debug */ = {
			isa = XCBuildConfiguration;
			buildSettings = {
				ASSETCATALOG_COMPILER_APPICON_NAME = AppIcon;
				CODE_SIGN_STYLE = Automatic;
				DEVELOPMENT_TEAM = 7B369WKZS6;
				INFOPLIST_FILE = "Ricky and Morty/Info.plist";
				LD_RUNPATH_SEARCH_PATHS = (
					"$(inherited)",
					"@executable_path/Frameworks",
				);
				PRODUCT_BUNDLE_IDENTIFIER = "com.123.Ricky-and-Morty";
				PRODUCT_NAME = "$(TARGET_NAME)";
				SWIFT_VERSION = 5.0;
				TARGETED_DEVICE_FAMILY = "1,2";
			};
			name = Debug;
		};
		6CD75F15235B85EE00659786 /* Release */ = {
			isa = XCBuildConfiguration;
			buildSettings = {
				ASSETCATALOG_COMPILER_APPICON_NAME = AppIcon;
				CODE_SIGN_STYLE = Automatic;
				DEVELOPMENT_TEAM = 7B369WKZS6;
				INFOPLIST_FILE = "Ricky and Morty/Info.plist";
				LD_RUNPATH_SEARCH_PATHS = (
					"$(inherited)",
					"@executable_path/Frameworks",
				);
				PRODUCT_BUNDLE_IDENTIFIER = "com.123.Ricky-and-Morty";
				PRODUCT_NAME = "$(TARGET_NAME)";
				SWIFT_VERSION = 5.0;
				TARGETED_DEVICE_FAMILY = "1,2";
			};
			name = Release;
		};
/* End XCBuildConfiguration section */

/* Begin XCConfigurationList section */
		6CD75EFA235B85EB00659786 /* Build configuration list for PBXProject "Ricky and Morty" */ = {
			isa = XCConfigurationList;
			buildConfigurations = (
				6CD75F11235B85EE00659786 /* Debug */,
				6CD75F12235B85EE00659786 /* Release */,
			);
			defaultConfigurationIsVisible = 0;
			defaultConfigurationName = Release;
		};
		6CD75F13235B85EE00659786 /* Build configuration list for PBXNativeTarget "Ricky and Morty" */ = {
			isa = XCConfigurationList;
			buildConfigurations = (
				6CD75F14235B85EE00659786 /* Debug */,
				6CD75F15235B85EE00659786 /* Release */,
			);
			defaultConfigurationIsVisible = 0;
			defaultConfigurationName = Release;
		};
/* End XCConfigurationList section */

/* Begin XCRemoteSwiftPackageReference section */
		923B7D8D241D06B00020C21D /* XCRemoteSwiftPackageReference "SDWebImage" */ = {
			isa = XCRemoteSwiftPackageReference;
			repositoryURL = "https://github.com/SDWebImage/SDWebImage.git";
			requirement = {
				kind = upToNextMajorVersion;
				minimumVersion = 5.6.1;
			};
		};
		927A2FFD241D03E700FB04BF /* XCRemoteSwiftPackageReference "Alamofire" */ = {
			isa = XCRemoteSwiftPackageReference;
			repositoryURL = "https://github.com/Alamofire/Alamofire.git";
			requirement = {
				kind = upToNextMajorVersion;
				minimumVersion = 5.0.2;
			};
		};
/* End XCRemoteSwiftPackageReference section */

/* Begin XCSwiftPackageProductDependency section */
		923B7D8E241D06B00020C21D /* SDWebImage */ = {
			isa = XCSwiftPackageProductDependency;
			package = 923B7D8D241D06B00020C21D /* XCRemoteSwiftPackageReference "SDWebImage" */;
			productName = SDWebImage;
		};
		927A2FFE241D03E700FB04BF /* Alamofire */ = {
			isa = XCSwiftPackageProductDependency;
			package = 927A2FFD241D03E700FB04BF /* XCRemoteSwiftPackageReference "Alamofire" */;
			productName = Alamofire;
		};
/* End XCSwiftPackageProductDependency section */
	};
	rootObject = 6CD75EF7235B85EB00659786 /* Project object */;
}
